
Microsoft Visual Studio Solution File, Format Version 12.00
# Visual Studio Version 17
VisualStudioVersion = 17.5.33502.453
MinimumVisualStudioVersion = 10.0.40219.1
Project("{FAE04EC0-301F-11D3-BF4B-00C04F79EFBC}") = "CSharp_MVC", "CSharp_MVC.csproj", "{004811AC-4BE0-43A7-B777-3846B3F6255E}"
EndProject
Global
	GlobalSection(SolutionConfigurationPlatforms) = preSolution
		Debug|Any CPU = Debug|Any CPU
		Release|Any CPU = Release|Any CPU
	EndGlobalSection
	GlobalSection(ProjectConfigurationPlatforms) = postSolution
		{004811AC-4BE0-43A7-B777-3846B3F6255E}.Debug|Any CPU.ActiveCfg = Debug|Any CPU
		{004811AC-4BE0-43A7-B777-3846B3F6255E}.Debug|Any CPU.Build.0 = Debug|Any CPU
		{004811AC-4BE0-43A7-B777-3846B3F6255E}.Release|Any CPU.ActiveCfg = Release|Any CPU
		{004811AC-4BE0-43A7-B777-3846B3F6255E}.Release|Any CPU.Build.0 = Release|Any CPU
	EndGlobalSection
	GlobalSection(SolutionProperties) = preSolution
		HideSolutionNode = FALSE
	EndGlobalSection
	GlobalSection(ExtensibilityGlobals) = postSolution
		SolutionGuid = {6297EE8B-6D22-4E83-A699-85266905C36D}
	EndGlobalSection
EndGlobal
